// !$*UTF8*$!
{
	archiveVersion = 1;
	classes = {
	};
	objectVersion = 55;
	objects = {

/* Begin PBXAggregateTarget section */
		"sal-scripts::sal-scriptsPackageTests::ProductTarget" /* sal-scriptsPackageTests */ = {
			isa = PBXAggregateTarget;
			buildConfigurationList = OBJ_165 /* Build configuration list for PBXAggregateTarget "sal-scriptsPackageTests" */;
			buildPhases = (
			);
			dependencies = (
				OBJ_168 /* PBXTargetDependency */,
			);
			name = "sal-scriptsPackageTests";
			productName = "sal-scriptsPackageTests";
		};
/* End PBXAggregateTarget section */

/* Begin PBXBuildFile section */
		9D3EB05F27C3FBA700473617 /* Sal.swift in Sources */ = {isa = PBXBuildFile; fileRef = 9D3EB05E27C3FBA700473617 /* Sal.swift */; };
		9D3EB0A227C5DA5000473617 /* preflight.swift in Sources */ = {isa = PBXBuildFile; fileRef = 9D3EB09E27C5DA1500473617 /* preflight.swift */; };
		9D3EB0A327C5DA5400473617 /* postflight.swift in Sources */ = {isa = PBXBuildFile; fileRef = 9D3EB0A027C5DA2000473617 /* postflight.swift */; };
		OBJ_100 /* CommandConfiguration.swift in Sources */ = {isa = PBXBuildFile; fileRef = OBJ_46 /* CommandConfiguration.swift */; };
		OBJ_101 /* EnumerableFlag.swift in Sources */ = {isa = PBXBuildFile; fileRef = OBJ_47 /* EnumerableFlag.swift */; };
		OBJ_102 /* ExpressibleByArgument.swift in Sources */ = {isa = PBXBuildFile; fileRef = OBJ_48 /* ExpressibleByArgument.swift */; };
		OBJ_103 /* ParsableArguments.swift in Sources */ = {isa = PBXBuildFile; fileRef = OBJ_49 /* ParsableArguments.swift */; };
		OBJ_104 /* ParsableArgumentsValidation.swift in Sources */ = {isa = PBXBuildFile; fileRef = OBJ_50 /* ParsableArgumentsValidation.swift */; };
		OBJ_105 /* ParsableCommand.swift in Sources */ = {isa = PBXBuildFile; fileRef = OBJ_51 /* ParsableCommand.swift */; };
		OBJ_106 /* ArgumentDecoder.swift in Sources */ = {isa = PBXBuildFile; fileRef = OBJ_53 /* ArgumentDecoder.swift */; };
		OBJ_107 /* ArgumentDefinition.swift in Sources */ = {isa = PBXBuildFile; fileRef = OBJ_54 /* ArgumentDefinition.swift */; };
		OBJ_108 /* ArgumentSet.swift in Sources */ = {isa = PBXBuildFile; fileRef = OBJ_55 /* ArgumentSet.swift */; };
		OBJ_109 /* CommandParser.swift in Sources */ = {isa = PBXBuildFile; fileRef = OBJ_56 /* CommandParser.swift */; };
		OBJ_110 /* InputOrigin.swift in Sources */ = {isa = PBXBuildFile; fileRef = OBJ_57 /* InputOrigin.swift */; };
		OBJ_111 /* Name.swift in Sources */ = {isa = PBXBuildFile; fileRef = OBJ_58 /* Name.swift */; };
		OBJ_112 /* Parsed.swift in Sources */ = {isa = PBXBuildFile; fileRef = OBJ_59 /* Parsed.swift */; };
		OBJ_113 /* ParsedValues.swift in Sources */ = {isa = PBXBuildFile; fileRef = OBJ_60 /* ParsedValues.swift */; };
		OBJ_114 /* ParserError.swift in Sources */ = {isa = PBXBuildFile; fileRef = OBJ_61 /* ParserError.swift */; };
		OBJ_115 /* SplitArguments.swift in Sources */ = {isa = PBXBuildFile; fileRef = OBJ_62 /* SplitArguments.swift */; };
		OBJ_116 /* DumpHelpGenerator.swift in Sources */ = {isa = PBXBuildFile; fileRef = OBJ_64 /* DumpHelpGenerator.swift */; };
		OBJ_117 /* HelpCommand.swift in Sources */ = {isa = PBXBuildFile; fileRef = OBJ_65 /* HelpCommand.swift */; };
		OBJ_118 /* HelpGenerator.swift in Sources */ = {isa = PBXBuildFile; fileRef = OBJ_66 /* HelpGenerator.swift */; };
		OBJ_119 /* MessageInfo.swift in Sources */ = {isa = PBXBuildFile; fileRef = OBJ_67 /* MessageInfo.swift */; };
		OBJ_120 /* UsageGenerator.swift in Sources */ = {isa = PBXBuildFile; fileRef = OBJ_68 /* UsageGenerator.swift */; };
		OBJ_121 /* CollectionExtensions.swift in Sources */ = {isa = PBXBuildFile; fileRef = OBJ_70 /* CollectionExtensions.swift */; };
		OBJ_122 /* SequenceExtensions.swift in Sources */ = {isa = PBXBuildFile; fileRef = OBJ_71 /* SequenceExtensions.swift */; };
		OBJ_123 /* StringExtensions.swift in Sources */ = {isa = PBXBuildFile; fileRef = OBJ_72 /* StringExtensions.swift */; };
		OBJ_124 /* Tree.swift in Sources */ = {isa = PBXBuildFile; fileRef = OBJ_73 /* Tree.swift */; };
		OBJ_126 /* ArgumentParserToolInfo.framework in Frameworks */ = {isa = PBXBuildFile; fileRef = "swift-argument-parser::ArgumentParserToolInfo::Product" /* ArgumentParserToolInfo.framework */; };
		OBJ_133 /* ToolInfo.swift in Sources */ = {isa = PBXBuildFile; fileRef = OBJ_75 /* ToolInfo.swift */; };
		OBJ_140 /* AppleUpdates.swift in Sources */ = {isa = PBXBuildFile; fileRef = OBJ_10 /* AppleUpdates.swift */; };
		OBJ_141 /* MachineInfo.swift in Sources */ = {isa = PBXBuildFile; fileRef = OBJ_11 /* MachineInfo.swift */; };
		OBJ_142 /* Munki.swift in Sources */ = {isa = PBXBuildFile; fileRef = OBJ_12 /* Munki.swift */; };
		OBJ_143 /* Profiles.swift in Sources */ = {isa = PBXBuildFile; fileRef = OBJ_13 /* Profiles.swift */; };
		OBJ_144 /* Checkin.swift in Sources */ = {isa = PBXBuildFile; fileRef = OBJ_15 /* Checkin.swift */; };
		OBJ_145 /* Client.swift in Sources */ = {isa = PBXBuildFile; fileRef = OBJ_16 /* Client.swift */; };
		OBJ_146 /* MacUtils.swift in Sources */ = {isa = PBXBuildFile; fileRef = OBJ_17 /* MacUtils.swift */; };
		OBJ_147 /* Submit.swift in Sources */ = {isa = PBXBuildFile; fileRef = OBJ_18 /* Submit.swift */; };
		OBJ_148 /* Utils.swift in Sources */ = {isa = PBXBuildFile; fileRef = OBJ_19 /* Utils.swift */; };
		OBJ_149 /* Logger.swift in Sources */ = {isa = PBXBuildFile; fileRef = OBJ_21 /* Logger.swift */; };
		OBJ_150 /* Machine.swift in Sources */ = {isa = PBXBuildFile; fileRef = OBJ_22 /* Machine.swift */; };
		OBJ_151 /* Prefs.swift in Sources */ = {isa = PBXBuildFile; fileRef = OBJ_23 /* Prefs.swift */; };
		OBJ_152 /* main.swift in Sources */ = {isa = PBXBuildFile; fileRef = OBJ_24 /* main.swift */; };
		OBJ_154 /* ArgumentParser.framework in Frameworks */ = {isa = PBXBuildFile; fileRef = "swift-argument-parser::ArgumentParser::Product" /* ArgumentParser.framework */; };
		OBJ_155 /* ArgumentParserToolInfo.framework in Frameworks */ = {isa = PBXBuildFile; fileRef = "swift-argument-parser::ArgumentParserToolInfo::Product" /* ArgumentParserToolInfo.framework */; };
		OBJ_163 /* Package.swift in Sources */ = {isa = PBXBuildFile; fileRef = OBJ_6 /* Package.swift */; };
		OBJ_174 /* sal_scriptsTests.swift in Sources */ = {isa = PBXBuildFile; fileRef = OBJ_27 /* sal_scriptsTests.swift */; };
		OBJ_176 /* ArgumentParser.framework in Frameworks */ = {isa = PBXBuildFile; fileRef = "swift-argument-parser::ArgumentParser::Product" /* ArgumentParser.framework */; };
		OBJ_177 /* ArgumentParserToolInfo.framework in Frameworks */ = {isa = PBXBuildFile; fileRef = "swift-argument-parser::ArgumentParserToolInfo::Product" /* ArgumentParserToolInfo.framework */; };
		OBJ_186 /* Package.swift in Sources */ = {isa = PBXBuildFile; fileRef = OBJ_76 /* Package.swift */; };
		OBJ_88 /* BashCompletionsGenerator.swift in Sources */ = {isa = PBXBuildFile; fileRef = OBJ_32 /* BashCompletionsGenerator.swift */; };
		OBJ_89 /* CompletionsGenerator.swift in Sources */ = {isa = PBXBuildFile; fileRef = OBJ_33 /* CompletionsGenerator.swift */; };
		OBJ_90 /* FishCompletionsGenerator.swift in Sources */ = {isa = PBXBuildFile; fileRef = OBJ_34 /* FishCompletionsGenerator.swift */; };
		OBJ_91 /* ZshCompletionsGenerator.swift in Sources */ = {isa = PBXBuildFile; fileRef = OBJ_35 /* ZshCompletionsGenerator.swift */; };
		OBJ_92 /* Argument.swift in Sources */ = {isa = PBXBuildFile; fileRef = OBJ_37 /* Argument.swift */; };
		OBJ_93 /* ArgumentHelp.swift in Sources */ = {isa = PBXBuildFile; fileRef = OBJ_38 /* ArgumentHelp.swift */; };
		OBJ_94 /* CompletionKind.swift in Sources */ = {isa = PBXBuildFile; fileRef = OBJ_39 /* CompletionKind.swift */; };
		OBJ_95 /* Errors.swift in Sources */ = {isa = PBXBuildFile; fileRef = OBJ_40 /* Errors.swift */; };
		OBJ_96 /* Flag.swift in Sources */ = {isa = PBXBuildFile; fileRef = OBJ_41 /* Flag.swift */; };
		OBJ_97 /* NameSpecification.swift in Sources */ = {isa = PBXBuildFile; fileRef = OBJ_42 /* NameSpecification.swift */; };
		OBJ_98 /* Option.swift in Sources */ = {isa = PBXBuildFile; fileRef = OBJ_43 /* Option.swift */; };
		OBJ_99 /* OptionGroup.swift in Sources */ = {isa = PBXBuildFile; fileRef = OBJ_44 /* OptionGroup.swift */; };
/* End PBXBuildFile section */

/* Begin PBXContainerItemProxy section */
		9DF6F2E7279726E90059AEC2 /* PBXContainerItemProxy */ = {
			isa = PBXContainerItemProxy;
			containerPortal = OBJ_1 /* Project object */;
			proxyType = 1;
			remoteGlobalIDString = "swift-argument-parser::ArgumentParser";
			remoteInfo = ArgumentParser;
		};
		9DF6F2E8279726E90059AEC2 /* PBXContainerItemProxy */ = {
			isa = PBXContainerItemProxy;
			containerPortal = OBJ_1 /* Project object */;
			proxyType = 1;
			remoteGlobalIDString = "swift-argument-parser::ArgumentParserToolInfo";
			remoteInfo = ArgumentParserToolInfo;
		};
		9DF6F2E9279726E90059AEC2 /* PBXContainerItemProxy */ = {
			isa = PBXContainerItemProxy;
			containerPortal = OBJ_1 /* Project object */;
			proxyType = 1;
			remoteGlobalIDString = "swift-argument-parser::ArgumentParserToolInfo";
			remoteInfo = ArgumentParserToolInfo;
		};
		9DF6F2EA279726E90059AEC2 /* PBXContainerItemProxy */ = {
			isa = PBXContainerItemProxy;
			containerPortal = OBJ_1 /* Project object */;
			proxyType = 1;
			remoteGlobalIDString = "sal-scripts::sal-scripts";
			remoteInfo = "sal-scripts";
		};
		9DF6F2EB279726E90059AEC2 /* PBXContainerItemProxy */ = {
			isa = PBXContainerItemProxy;
			containerPortal = OBJ_1 /* Project object */;
			proxyType = 1;
			remoteGlobalIDString = "swift-argument-parser::ArgumentParser";
			remoteInfo = ArgumentParser;
		};
		9DF6F2EC279726E90059AEC2 /* PBXContainerItemProxy */ = {
			isa = PBXContainerItemProxy;
			containerPortal = OBJ_1 /* Project object */;
			proxyType = 1;
			remoteGlobalIDString = "swift-argument-parser::ArgumentParserToolInfo";
			remoteInfo = ArgumentParserToolInfo;
		};
		9DF6F2ED279726E90059AEC2 /* PBXContainerItemProxy */ = {
			isa = PBXContainerItemProxy;
			containerPortal = OBJ_1 /* Project object */;
			proxyType = 1;
			remoteGlobalIDString = "sal-scripts::sal-scriptsTests";
			remoteInfo = "sal-scriptsTests";
		};
/* End PBXContainerItemProxy section */

/* Begin PBXFileReference section */
		9D3EB05E27C3FBA700473617 /* Sal.swift */ = {isa = PBXFileReference; lastKnownFileType = sourcecode.swift; path = Sal.swift; sourceTree = "<group>"; };
		9D3EB09E27C5DA1500473617 /* preflight.swift */ = {isa = PBXFileReference; lastKnownFileType = sourcecode.swift; path = preflight.swift; sourceTree = "<group>"; };
		9D3EB0A027C5DA2000473617 /* postflight.swift */ = {isa = PBXFileReference; lastKnownFileType = sourcecode.swift; path = postflight.swift; sourceTree = "<group>"; };
		OBJ_10 /* AppleUpdates.swift */ = {isa = PBXFileReference; lastKnownFileType = sourcecode.swift; path = AppleUpdates.swift; sourceTree = "<group>"; };
		OBJ_11 /* MachineInfo.swift */ = {isa = PBXFileReference; lastKnownFileType = sourcecode.swift; path = MachineInfo.swift; sourceTree = "<group>"; };
		OBJ_12 /* Munki.swift */ = {isa = PBXFileReference; lastKnownFileType = sourcecode.swift; path = Munki.swift; sourceTree = "<group>"; };
		OBJ_13 /* Profiles.swift */ = {isa = PBXFileReference; lastKnownFileType = sourcecode.swift; path = Profiles.swift; sourceTree = "<group>"; };
		OBJ_15 /* Checkin.swift */ = {isa = PBXFileReference; lastKnownFileType = sourcecode.swift; path = Checkin.swift; sourceTree = "<group>"; };
		OBJ_16 /* Client.swift */ = {isa = PBXFileReference; lastKnownFileType = sourcecode.swift; path = Client.swift; sourceTree = "<group>"; };
		OBJ_17 /* MacUtils.swift */ = {isa = PBXFileReference; lastKnownFileType = sourcecode.swift; path = MacUtils.swift; sourceTree = "<group>"; };
		OBJ_18 /* Submit.swift */ = {isa = PBXFileReference; lastKnownFileType = sourcecode.swift; path = Submit.swift; sourceTree = "<group>"; };
		OBJ_19 /* Utils.swift */ = {isa = PBXFileReference; lastKnownFileType = sourcecode.swift; path = Utils.swift; sourceTree = "<group>"; };
		OBJ_21 /* Logger.swift */ = {isa = PBXFileReference; lastKnownFileType = sourcecode.swift; path = Logger.swift; sourceTree = "<group>"; };
		OBJ_22 /* Machine.swift */ = {isa = PBXFileReference; lastKnownFileType = sourcecode.swift; path = Machine.swift; sourceTree = "<group>"; };
		OBJ_23 /* Prefs.swift */ = {isa = PBXFileReference; lastKnownFileType = sourcecode.swift; path = Prefs.swift; sourceTree = "<group>"; };
		OBJ_24 /* main.swift */ = {isa = PBXFileReference; lastKnownFileType = sourcecode.swift; path = main.swift; sourceTree = "<group>"; };
		OBJ_27 /* sal_scriptsTests.swift */ = {isa = PBXFileReference; lastKnownFileType = sourcecode.swift; path = sal_scriptsTests.swift; sourceTree = "<group>"; };
		OBJ_32 /* BashCompletionsGenerator.swift */ = {isa = PBXFileReference; lastKnownFileType = sourcecode.swift; path = BashCompletionsGenerator.swift; sourceTree = "<group>"; };
		OBJ_33 /* CompletionsGenerator.swift */ = {isa = PBXFileReference; lastKnownFileType = sourcecode.swift; path = CompletionsGenerator.swift; sourceTree = "<group>"; };
		OBJ_34 /* FishCompletionsGenerator.swift */ = {isa = PBXFileReference; lastKnownFileType = sourcecode.swift; path = FishCompletionsGenerator.swift; sourceTree = "<group>"; };
		OBJ_35 /* ZshCompletionsGenerator.swift */ = {isa = PBXFileReference; lastKnownFileType = sourcecode.swift; path = ZshCompletionsGenerator.swift; sourceTree = "<group>"; };
		OBJ_37 /* Argument.swift */ = {isa = PBXFileReference; lastKnownFileType = sourcecode.swift; path = Argument.swift; sourceTree = "<group>"; };
		OBJ_38 /* ArgumentHelp.swift */ = {isa = PBXFileReference; lastKnownFileType = sourcecode.swift; path = ArgumentHelp.swift; sourceTree = "<group>"; };
		OBJ_39 /* CompletionKind.swift */ = {isa = PBXFileReference; lastKnownFileType = sourcecode.swift; path = CompletionKind.swift; sourceTree = "<group>"; };
		OBJ_40 /* Errors.swift */ = {isa = PBXFileReference; lastKnownFileType = sourcecode.swift; path = Errors.swift; sourceTree = "<group>"; };
		OBJ_41 /* Flag.swift */ = {isa = PBXFileReference; lastKnownFileType = sourcecode.swift; path = Flag.swift; sourceTree = "<group>"; };
		OBJ_42 /* NameSpecification.swift */ = {isa = PBXFileReference; lastKnownFileType = sourcecode.swift; path = NameSpecification.swift; sourceTree = "<group>"; };
		OBJ_43 /* Option.swift */ = {isa = PBXFileReference; lastKnownFileType = sourcecode.swift; path = Option.swift; sourceTree = "<group>"; };
		OBJ_44 /* OptionGroup.swift */ = {isa = PBXFileReference; lastKnownFileType = sourcecode.swift; path = OptionGroup.swift; sourceTree = "<group>"; };
		OBJ_46 /* CommandConfiguration.swift */ = {isa = PBXFileReference; lastKnownFileType = sourcecode.swift; path = CommandConfiguration.swift; sourceTree = "<group>"; };
		OBJ_47 /* EnumerableFlag.swift */ = {isa = PBXFileReference; lastKnownFileType = sourcecode.swift; path = EnumerableFlag.swift; sourceTree = "<group>"; };
		OBJ_48 /* ExpressibleByArgument.swift */ = {isa = PBXFileReference; lastKnownFileType = sourcecode.swift; path = ExpressibleByArgument.swift; sourceTree = "<group>"; };
		OBJ_49 /* ParsableArguments.swift */ = {isa = PBXFileReference; lastKnownFileType = sourcecode.swift; path = ParsableArguments.swift; sourceTree = "<group>"; };
		OBJ_50 /* ParsableArgumentsValidation.swift */ = {isa = PBXFileReference; lastKnownFileType = sourcecode.swift; path = ParsableArgumentsValidation.swift; sourceTree = "<group>"; };
		OBJ_51 /* ParsableCommand.swift */ = {isa = PBXFileReference; lastKnownFileType = sourcecode.swift; path = ParsableCommand.swift; sourceTree = "<group>"; };
		OBJ_53 /* ArgumentDecoder.swift */ = {isa = PBXFileReference; lastKnownFileType = sourcecode.swift; path = ArgumentDecoder.swift; sourceTree = "<group>"; };
		OBJ_54 /* ArgumentDefinition.swift */ = {isa = PBXFileReference; lastKnownFileType = sourcecode.swift; path = ArgumentDefinition.swift; sourceTree = "<group>"; };
		OBJ_55 /* ArgumentSet.swift */ = {isa = PBXFileReference; lastKnownFileType = sourcecode.swift; path = ArgumentSet.swift; sourceTree = "<group>"; };
		OBJ_56 /* CommandParser.swift */ = {isa = PBXFileReference; lastKnownFileType = sourcecode.swift; path = CommandParser.swift; sourceTree = "<group>"; };
		OBJ_57 /* InputOrigin.swift */ = {isa = PBXFileReference; lastKnownFileType = sourcecode.swift; path = InputOrigin.swift; sourceTree = "<group>"; };
		OBJ_58 /* Name.swift */ = {isa = PBXFileReference; lastKnownFileType = sourcecode.swift; path = Name.swift; sourceTree = "<group>"; };
		OBJ_59 /* Parsed.swift */ = {isa = PBXFileReference; lastKnownFileType = sourcecode.swift; path = Parsed.swift; sourceTree = "<group>"; };
		OBJ_6 /* Package.swift */ = {isa = PBXFileReference; explicitFileType = sourcecode.swift; path = Package.swift; sourceTree = "<group>"; };
		OBJ_60 /* ParsedValues.swift */ = {isa = PBXFileReference; lastKnownFileType = sourcecode.swift; path = ParsedValues.swift; sourceTree = "<group>"; };
		OBJ_61 /* ParserError.swift */ = {isa = PBXFileReference; lastKnownFileType = sourcecode.swift; path = ParserError.swift; sourceTree = "<group>"; };
		OBJ_62 /* SplitArguments.swift */ = {isa = PBXFileReference; lastKnownFileType = sourcecode.swift; path = SplitArguments.swift; sourceTree = "<group>"; };
		OBJ_64 /* DumpHelpGenerator.swift */ = {isa = PBXFileReference; lastKnownFileType = sourcecode.swift; path = DumpHelpGenerator.swift; sourceTree = "<group>"; };
		OBJ_65 /* HelpCommand.swift */ = {isa = PBXFileReference; lastKnownFileType = sourcecode.swift; path = HelpCommand.swift; sourceTree = "<group>"; };
		OBJ_66 /* HelpGenerator.swift */ = {isa = PBXFileReference; lastKnownFileType = sourcecode.swift; path = HelpGenerator.swift; sourceTree = "<group>"; };
		OBJ_67 /* MessageInfo.swift */ = {isa = PBXFileReference; lastKnownFileType = sourcecode.swift; path = MessageInfo.swift; sourceTree = "<group>"; };
		OBJ_68 /* UsageGenerator.swift */ = {isa = PBXFileReference; lastKnownFileType = sourcecode.swift; path = UsageGenerator.swift; sourceTree = "<group>"; };
		OBJ_70 /* CollectionExtensions.swift */ = {isa = PBXFileReference; lastKnownFileType = sourcecode.swift; path = CollectionExtensions.swift; sourceTree = "<group>"; };
		OBJ_71 /* SequenceExtensions.swift */ = {isa = PBXFileReference; lastKnownFileType = sourcecode.swift; path = SequenceExtensions.swift; sourceTree = "<group>"; };
		OBJ_72 /* StringExtensions.swift */ = {isa = PBXFileReference; lastKnownFileType = sourcecode.swift; path = StringExtensions.swift; sourceTree = "<group>"; };
		OBJ_73 /* Tree.swift */ = {isa = PBXFileReference; lastKnownFileType = sourcecode.swift; path = Tree.swift; sourceTree = "<group>"; };
		OBJ_75 /* ToolInfo.swift */ = {isa = PBXFileReference; lastKnownFileType = sourcecode.swift; path = ToolInfo.swift; sourceTree = "<group>"; };
		OBJ_76 /* Package.swift */ = {isa = PBXFileReference; explicitFileType = sourcecode.swift; name = Package.swift; path = "/Users/john.peterson/Documents/Personal/Github/swift-sal/sal-scripts/.build/checkouts/swift-argument-parser/Package.swift"; sourceTree = "<group>"; };
		OBJ_82 /* README.md */ = {isa = PBXFileReference; lastKnownFileType = net.daringfireball.markdown; path = README.md; sourceTree = "<group>"; };
		"sal-scripts::sal-scripts::Product" /* sal-scripts */ = {isa = PBXFileReference; explicitFileType = "compiled.mach-o.executable"; path = "sal-scripts"; sourceTree = BUILT_PRODUCTS_DIR; };
		"sal-scripts::sal-scriptsTests::Product" /* sal-scriptsTests.xctest */ = {isa = PBXFileReference; explicitFileType = wrapper.cfbundle; path = "sal-scriptsTests.xctest"; sourceTree = BUILT_PRODUCTS_DIR; };
		"swift-argument-parser::ArgumentParser::Product" /* ArgumentParser.framework */ = {isa = PBXFileReference; explicitFileType = wrapper.framework; path = ArgumentParser.framework; sourceTree = BUILT_PRODUCTS_DIR; };
		"swift-argument-parser::ArgumentParserToolInfo::Product" /* ArgumentParserToolInfo.framework */ = {isa = PBXFileReference; explicitFileType = wrapper.framework; path = ArgumentParserToolInfo.framework; sourceTree = BUILT_PRODUCTS_DIR; };
/* End PBXFileReference section */

/* Begin PBXFrameworksBuildPhase section */
		OBJ_125 /* Frameworks */ = {
			isa = PBXFrameworksBuildPhase;
			buildActionMask = 0;
			files = (
				OBJ_126 /* ArgumentParserToolInfo.framework in Frameworks */,
			);
			runOnlyForDeploymentPostprocessing = 0;
		};
		OBJ_134 /* Frameworks */ = {
			isa = PBXFrameworksBuildPhase;
			buildActionMask = 0;
			files = (
			);
			runOnlyForDeploymentPostprocessing = 0;
		};
		OBJ_153 /* Frameworks */ = {
			isa = PBXFrameworksBuildPhase;
			buildActionMask = 0;
			files = (
				OBJ_154 /* ArgumentParser.framework in Frameworks */,
				OBJ_155 /* ArgumentParserToolInfo.framework in Frameworks */,
			);
			runOnlyForDeploymentPostprocessing = 0;
		};
		OBJ_175 /* Frameworks */ = {
			isa = PBXFrameworksBuildPhase;
			buildActionMask = 0;
			files = (
				OBJ_176 /* ArgumentParser.framework in Frameworks */,
				OBJ_177 /* ArgumentParserToolInfo.framework in Frameworks */,
			);
			runOnlyForDeploymentPostprocessing = 0;
		};
/* End PBXFrameworksBuildPhase section */

/* Begin PBXGroup section */
		9D3EB09D27C5D9E900473617 /* Munki */ = {
			isa = PBXGroup;
			children = (
				9D3EB09E27C5DA1500473617 /* preflight.swift */,
				9D3EB0A027C5DA2000473617 /* postflight.swift */,
			);
			path = Munki;
			sourceTree = "<group>";
		};
		OBJ_14 /* Sal */ = {
			isa = PBXGroup;
			children = (
				OBJ_15 /* Checkin.swift */,
				OBJ_16 /* Client.swift */,
				OBJ_17 /* MacUtils.swift */,
				OBJ_18 /* Submit.swift */,
				OBJ_19 /* Utils.swift */,
			);
			path = Sal;
			sourceTree = "<group>";
		};
		OBJ_20 /* Utilities */ = {
			isa = PBXGroup;
			children = (
				OBJ_21 /* Logger.swift */,
				OBJ_22 /* Machine.swift */,
				OBJ_23 /* Prefs.swift */,
			);
			path = Utilities;
			sourceTree = "<group>";
		};
		OBJ_25 /* Tests */ = {
			isa = PBXGroup;
			children = (
				OBJ_26 /* sal-scriptsTests */,
			);
			name = Tests;
			sourceTree = SOURCE_ROOT;
		};
		OBJ_26 /* sal-scriptsTests */ = {
			isa = PBXGroup;
			children = (
				OBJ_27 /* sal_scriptsTests.swift */,
			);
			name = "sal-scriptsTests";
			path = "Tests/sal-scriptsTests";
			sourceTree = SOURCE_ROOT;
		};
		OBJ_28 /* Dependencies */ = {
			isa = PBXGroup;
			children = (
				OBJ_29 /* swift-argument-parser 1.0.2 */,
			);
			name = Dependencies;
			sourceTree = "<group>";
		};
		OBJ_29 /* swift-argument-parser 1.0.2 */ = {
			isa = PBXGroup;
			children = (
				OBJ_30 /* ArgumentParser */,
				OBJ_74 /* ArgumentParserToolInfo */,
				OBJ_76 /* Package.swift */,
			);
			name = "swift-argument-parser 1.0.2";
			sourceTree = SOURCE_ROOT;
		};
		OBJ_30 /* ArgumentParser */ = {
			isa = PBXGroup;
			children = (
				OBJ_31 /* Completions */,
				OBJ_36 /* Parsable Properties */,
				OBJ_45 /* Parsable Types */,
				OBJ_52 /* Parsing */,
				OBJ_63 /* Usage */,
				OBJ_69 /* Utilities */,
			);
			name = ArgumentParser;
			path = ".build/checkouts/swift-argument-parser/Sources/ArgumentParser";
			sourceTree = SOURCE_ROOT;
		};
		OBJ_31 /* Completions */ = {
			isa = PBXGroup;
			children = (
				OBJ_32 /* BashCompletionsGenerator.swift */,
				OBJ_33 /* CompletionsGenerator.swift */,
				OBJ_34 /* FishCompletionsGenerator.swift */,
				OBJ_35 /* ZshCompletionsGenerator.swift */,
			);
			path = Completions;
			sourceTree = "<group>";
		};
		OBJ_36 /* Parsable Properties */ = {
			isa = PBXGroup;
			children = (
				OBJ_37 /* Argument.swift */,
				OBJ_38 /* ArgumentHelp.swift */,
				OBJ_39 /* CompletionKind.swift */,
				OBJ_40 /* Errors.swift */,
				OBJ_41 /* Flag.swift */,
				OBJ_42 /* NameSpecification.swift */,
				OBJ_43 /* Option.swift */,
				OBJ_44 /* OptionGroup.swift */,
			);
			path = "Parsable Properties";
			sourceTree = "<group>";
		};
		OBJ_45 /* Parsable Types */ = {
			isa = PBXGroup;
			children = (
				OBJ_46 /* CommandConfiguration.swift */,
				OBJ_47 /* EnumerableFlag.swift */,
				OBJ_48 /* ExpressibleByArgument.swift */,
				OBJ_49 /* ParsableArguments.swift */,
				OBJ_50 /* ParsableArgumentsValidation.swift */,
				OBJ_51 /* ParsableCommand.swift */,
			);
			path = "Parsable Types";
			sourceTree = "<group>";
		};
		OBJ_5 = {
			isa = PBXGroup;
			children = (
				OBJ_6 /* Package.swift */,
				OBJ_7 /* Sources */,
				OBJ_25 /* Tests */,
				OBJ_28 /* Dependencies */,
				OBJ_77 /* Products */,
				OBJ_82 /* README.md */,
			);
			sourceTree = "<group>";
		};
		OBJ_52 /* Parsing */ = {
			isa = PBXGroup;
			children = (
				OBJ_53 /* ArgumentDecoder.swift */,
				OBJ_54 /* ArgumentDefinition.swift */,
				OBJ_55 /* ArgumentSet.swift */,
				OBJ_56 /* CommandParser.swift */,
				OBJ_57 /* InputOrigin.swift */,
				OBJ_58 /* Name.swift */,
				OBJ_59 /* Parsed.swift */,
				OBJ_60 /* ParsedValues.swift */,
				OBJ_61 /* ParserError.swift */,
				OBJ_62 /* SplitArguments.swift */,
			);
			path = Parsing;
			sourceTree = "<group>";
		};
		OBJ_63 /* Usage */ = {
			isa = PBXGroup;
			children = (
				OBJ_64 /* DumpHelpGenerator.swift */,
				OBJ_65 /* HelpCommand.swift */,
				OBJ_66 /* HelpGenerator.swift */,
				OBJ_67 /* MessageInfo.swift */,
				OBJ_68 /* UsageGenerator.swift */,
			);
			path = Usage;
			sourceTree = "<group>";
		};
		OBJ_69 /* Utilities */ = {
			isa = PBXGroup;
			children = (
				OBJ_70 /* CollectionExtensions.swift */,
				OBJ_71 /* SequenceExtensions.swift */,
				OBJ_72 /* StringExtensions.swift */,
				OBJ_73 /* Tree.swift */,
			);
			path = Utilities;
			sourceTree = "<group>";
		};
		OBJ_7 /* Sources */ = {
			isa = PBXGroup;
			children = (
				OBJ_8 /* sal-scripts */,
			);
			name = Sources;
			sourceTree = SOURCE_ROOT;
		};
		OBJ_74 /* ArgumentParserToolInfo */ = {
			isa = PBXGroup;
			children = (
				OBJ_75 /* ToolInfo.swift */,
			);
			name = ArgumentParserToolInfo;
			path = ".build/checkouts/swift-argument-parser/Sources/ArgumentParserToolInfo";
			sourceTree = SOURCE_ROOT;
		};
		OBJ_77 /* Products */ = {
			isa = PBXGroup;
			children = (
				"swift-argument-parser::ArgumentParser::Product" /* ArgumentParser.framework */,
				"swift-argument-parser::ArgumentParserToolInfo::Product" /* ArgumentParserToolInfo.framework */,
				"sal-scripts::sal-scripts::Product" /* sal-scripts */,
				"sal-scripts::sal-scriptsTests::Product" /* sal-scriptsTests.xctest */,
			);
			name = Products;
			sourceTree = BUILT_PRODUCTS_DIR;
		};
		OBJ_8 /* sal-scripts */ = {
			isa = PBXGroup;
			children = (
				9D3EB09D27C5D9E900473617 /* Munki */,
				OBJ_9 /* Modules */,
				OBJ_14 /* Sal */,
				OBJ_20 /* Utilities */,
				OBJ_24 /* main.swift */,
			);
			name = "sal-scripts";
			path = "Sources/sal-scripts";
			sourceTree = SOURCE_ROOT;
		};
		OBJ_9 /* Modules */ = {
			isa = PBXGroup;
			children = (
				OBJ_10 /* AppleUpdates.swift */,
				OBJ_11 /* MachineInfo.swift */,
				OBJ_12 /* Munki.swift */,
				OBJ_13 /* Profiles.swift */,
				9D3EB05E27C3FBA700473617 /* Sal.swift */,
			);
			path = Modules;
			sourceTree = "<group>";
		};
/* End PBXGroup section */

/* Begin PBXNativeTarget section */
		"sal-scripts::SwiftPMPackageDescription" /* sal-scriptsPackageDescription */ = {
			isa = PBXNativeTarget;
			buildConfigurationList = OBJ_159 /* Build configuration list for PBXNativeTarget "sal-scriptsPackageDescription" */;
			buildPhases = (
				OBJ_162 /* Sources */,
			);
			buildRules = (
			);
			dependencies = (
			);
			name = "sal-scriptsPackageDescription";
			productName = "sal-scriptsPackageDescription";
			productType = "com.apple.product-type.framework";
		};
		"sal-scripts::sal-scripts" /* sal-scripts */ = {
			isa = PBXNativeTarget;
			buildConfigurationList = OBJ_136 /* Build configuration list for PBXNativeTarget "sal-scripts" */;
			buildPhases = (
				OBJ_139 /* Sources */,
				OBJ_153 /* Frameworks */,
			);
			buildRules = (
			);
			dependencies = (
				OBJ_156 /* PBXTargetDependency */,
				OBJ_157 /* PBXTargetDependency */,
			);
			name = "sal-scripts";
			productName = sal_scripts;
			productReference = "sal-scripts::sal-scripts::Product" /* sal-scripts */;
			productType = "com.apple.product-type.tool";
		};
		"sal-scripts::sal-scriptsTests" /* sal-scriptsTests */ = {
			isa = PBXNativeTarget;
			buildConfigurationList = OBJ_170 /* Build configuration list for PBXNativeTarget "sal-scriptsTests" */;
			buildPhases = (
				OBJ_173 /* Sources */,
				OBJ_175 /* Frameworks */,
			);
			buildRules = (
			);
			dependencies = (
				OBJ_178 /* PBXTargetDependency */,
				OBJ_179 /* PBXTargetDependency */,
				OBJ_180 /* PBXTargetDependency */,
			);
			name = "sal-scriptsTests";
			productName = sal_scriptsTests;
			productReference = "sal-scripts::sal-scriptsTests::Product" /* sal-scriptsTests.xctest */;
			productType = "com.apple.product-type.bundle.unit-test";
		};
		"swift-argument-parser::ArgumentParser" /* ArgumentParser */ = {
			isa = PBXNativeTarget;
			buildConfigurationList = OBJ_84 /* Build configuration list for PBXNativeTarget "ArgumentParser" */;
			buildPhases = (
				OBJ_87 /* Sources */,
				OBJ_125 /* Frameworks */,
			);
			buildRules = (
			);
			dependencies = (
				OBJ_127 /* PBXTargetDependency */,
			);
			name = ArgumentParser;
			productName = ArgumentParser;
			productReference = "swift-argument-parser::ArgumentParser::Product" /* ArgumentParser.framework */;
			productType = "com.apple.product-type.framework";
		};
		"swift-argument-parser::ArgumentParserToolInfo" /* ArgumentParserToolInfo */ = {
			isa = PBXNativeTarget;
			buildConfigurationList = OBJ_129 /* Build configuration list for PBXNativeTarget "ArgumentParserToolInfo" */;
			buildPhases = (
				OBJ_132 /* Sources */,
				OBJ_134 /* Frameworks */,
			);
			buildRules = (
			);
			dependencies = (
			);
			name = ArgumentParserToolInfo;
			productName = ArgumentParserToolInfo;
			productReference = "swift-argument-parser::ArgumentParserToolInfo::Product" /* ArgumentParserToolInfo.framework */;
			productType = "com.apple.product-type.framework";
		};
		"swift-argument-parser::SwiftPMPackageDescription" /* swift-argument-parserPackageDescription */ = {
			isa = PBXNativeTarget;
			buildConfigurationList = OBJ_182 /* Build configuration list for PBXNativeTarget "swift-argument-parserPackageDescription" */;
			buildPhases = (
				OBJ_185 /* Sources */,
			);
			buildRules = (
			);
			dependencies = (
			);
			name = "swift-argument-parserPackageDescription";
			productName = "swift-argument-parserPackageDescription";
			productType = "com.apple.product-type.framework";
		};
/* End PBXNativeTarget section */

/* Begin PBXProject section */
		OBJ_1 /* Project object */ = {
			isa = PBXProject;
			attributes = {
				BuildIndependentTargetsInParallel = YES;
				LastSwiftMigration = 9999;
				LastUpgradeCheck = 9999;
			};
			buildConfigurationList = OBJ_2 /* Build configuration list for PBXProject "sal-scripts" */;
			compatibilityVersion = "Xcode 13.0";
			developmentRegion = en;
			hasScannedForEncodings = 0;
			knownRegions = (
				en,
			);
			mainGroup = OBJ_5;
			productRefGroup = OBJ_77 /* Products */;
			projectDirPath = "";
			projectRoot = "";
			targets = (
				"swift-argument-parser::ArgumentParser" /* ArgumentParser */,
				"swift-argument-parser::ArgumentParserToolInfo" /* ArgumentParserToolInfo */,
				"sal-scripts::sal-scripts" /* sal-scripts */,
				"sal-scripts::SwiftPMPackageDescription" /* sal-scriptsPackageDescription */,
				"sal-scripts::sal-scriptsPackageTests::ProductTarget" /* sal-scriptsPackageTests */,
				"sal-scripts::sal-scriptsTests" /* sal-scriptsTests */,
				"swift-argument-parser::SwiftPMPackageDescription" /* swift-argument-parserPackageDescription */,
			);
		};
/* End PBXProject section */

/* Begin PBXSourcesBuildPhase section */
		OBJ_132 /* Sources */ = {
			isa = PBXSourcesBuildPhase;
			buildActionMask = 0;
			files = (
				OBJ_133 /* ToolInfo.swift in Sources */,
			);
			runOnlyForDeploymentPostprocessing = 0;
		};
		OBJ_139 /* Sources */ = {
			isa = PBXSourcesBuildPhase;
			buildActionMask = 0;
			files = (
				OBJ_140 /* AppleUpdates.swift in Sources */,
				OBJ_141 /* MachineInfo.swift in Sources */,
				9D3EB0A227C5DA5000473617 /* preflight.swift in Sources */,
				OBJ_142 /* Munki.swift in Sources */,
				OBJ_143 /* Profiles.swift in Sources */,
				OBJ_144 /* Checkin.swift in Sources */,
				OBJ_145 /* Client.swift in Sources */,
				OBJ_146 /* MacUtils.swift in Sources */,
				OBJ_147 /* Submit.swift in Sources */,
				OBJ_148 /* Utils.swift in Sources */,
				OBJ_149 /* Logger.swift in Sources */,
				OBJ_150 /* Machine.swift in Sources */,
				OBJ_151 /* Prefs.swift in Sources */,
				9D3EB05F27C3FBA700473617 /* Sal.swift in Sources */,
				OBJ_152 /* main.swift in Sources */,
				9D3EB0A327C5DA5400473617 /* postflight.swift in Sources */,
			);
			runOnlyForDeploymentPostprocessing = 0;
		};
		OBJ_162 /* Sources */ = {
			isa = PBXSourcesBuildPhase;
			buildActionMask = 0;
			files = (
				OBJ_163 /* Package.swift in Sources */,
			);
			runOnlyForDeploymentPostprocessing = 0;
		};
		OBJ_173 /* Sources */ = {
			isa = PBXSourcesBuildPhase;
			buildActionMask = 0;
			files = (
				OBJ_174 /* sal_scriptsTests.swift in Sources */,
			);
			runOnlyForDeploymentPostprocessing = 0;
		};
		OBJ_185 /* Sources */ = {
			isa = PBXSourcesBuildPhase;
			buildActionMask = 0;
			files = (
				OBJ_186 /* Package.swift in Sources */,
			);
			runOnlyForDeploymentPostprocessing = 0;
		};
		OBJ_87 /* Sources */ = {
			isa = PBXSourcesBuildPhase;
			buildActionMask = 0;
			files = (
				OBJ_88 /* BashCompletionsGenerator.swift in Sources */,
				OBJ_89 /* CompletionsGenerator.swift in Sources */,
				OBJ_90 /* FishCompletionsGenerator.swift in Sources */,
				OBJ_91 /* ZshCompletionsGenerator.swift in Sources */,
				OBJ_92 /* Argument.swift in Sources */,
				OBJ_93 /* ArgumentHelp.swift in Sources */,
				OBJ_94 /* CompletionKind.swift in Sources */,
				OBJ_95 /* Errors.swift in Sources */,
				OBJ_96 /* Flag.swift in Sources */,
				OBJ_97 /* NameSpecification.swift in Sources */,
				OBJ_98 /* Option.swift in Sources */,
				OBJ_99 /* OptionGroup.swift in Sources */,
				OBJ_100 /* CommandConfiguration.swift in Sources */,
				OBJ_101 /* EnumerableFlag.swift in Sources */,
				OBJ_102 /* ExpressibleByArgument.swift in Sources */,
				OBJ_103 /* ParsableArguments.swift in Sources */,
				OBJ_104 /* ParsableArgumentsValidation.swift in Sources */,
				OBJ_105 /* ParsableCommand.swift in Sources */,
				OBJ_106 /* ArgumentDecoder.swift in Sources */,
				OBJ_107 /* ArgumentDefinition.swift in Sources */,
				OBJ_108 /* ArgumentSet.swift in Sources */,
				OBJ_109 /* CommandParser.swift in Sources */,
				OBJ_110 /* InputOrigin.swift in Sources */,
				OBJ_111 /* Name.swift in Sources */,
				OBJ_112 /* Parsed.swift in Sources */,
				OBJ_113 /* ParsedValues.swift in Sources */,
				OBJ_114 /* ParserError.swift in Sources */,
				OBJ_115 /* SplitArguments.swift in Sources */,
				OBJ_116 /* DumpHelpGenerator.swift in Sources */,
				OBJ_117 /* HelpCommand.swift in Sources */,
				OBJ_118 /* HelpGenerator.swift in Sources */,
				OBJ_119 /* MessageInfo.swift in Sources */,
				OBJ_120 /* UsageGenerator.swift in Sources */,
				OBJ_121 /* CollectionExtensions.swift in Sources */,
				OBJ_122 /* SequenceExtensions.swift in Sources */,
				OBJ_123 /* StringExtensions.swift in Sources */,
				OBJ_124 /* Tree.swift in Sources */,
			);
			runOnlyForDeploymentPostprocessing = 0;
		};
/* End PBXSourcesBuildPhase section */

/* Begin PBXTargetDependency section */
		OBJ_127 /* PBXTargetDependency */ = {
			isa = PBXTargetDependency;
			target = "swift-argument-parser::ArgumentParserToolInfo" /* ArgumentParserToolInfo */;
			targetProxy = 9DF6F2E8279726E90059AEC2 /* PBXContainerItemProxy */;
		};
		OBJ_156 /* PBXTargetDependency */ = {
			isa = PBXTargetDependency;
			target = "swift-argument-parser::ArgumentParser" /* ArgumentParser */;
			targetProxy = 9DF6F2E7279726E90059AEC2 /* PBXContainerItemProxy */;
		};
		OBJ_157 /* PBXTargetDependency */ = {
			isa = PBXTargetDependency;
			target = "swift-argument-parser::ArgumentParserToolInfo" /* ArgumentParserToolInfo */;
			targetProxy = 9DF6F2E9279726E90059AEC2 /* PBXContainerItemProxy */;
		};
		OBJ_168 /* PBXTargetDependency */ = {
			isa = PBXTargetDependency;
			target = "sal-scripts::sal-scriptsTests" /* sal-scriptsTests */;
			targetProxy = 9DF6F2ED279726E90059AEC2 /* PBXContainerItemProxy */;
		};
		OBJ_178 /* PBXTargetDependency */ = {
			isa = PBXTargetDependency;
			target = "sal-scripts::sal-scripts" /* sal-scripts */;
			targetProxy = 9DF6F2EA279726E90059AEC2 /* PBXContainerItemProxy */;
		};
		OBJ_179 /* PBXTargetDependency */ = {
			isa = PBXTargetDependency;
			target = "swift-argument-parser::ArgumentParser" /* ArgumentParser */;
			targetProxy = 9DF6F2EB279726E90059AEC2 /* PBXContainerItemProxy */;
		};
		OBJ_180 /* PBXTargetDependency */ = {
			isa = PBXTargetDependency;
			target = "swift-argument-parser::ArgumentParserToolInfo" /* ArgumentParserToolInfo */;
			targetProxy = 9DF6F2EC279726E90059AEC2 /* PBXContainerItemProxy */;
		};
/* End PBXTargetDependency section */

/* Begin XCBuildConfiguration section */
		OBJ_130 /* Debug */ = {
			isa = XCBuildConfiguration;
			buildSettings = {
				CURRENT_PROJECT_VERSION = 1;
				DRIVERKIT_DEPLOYMENT_TARGET = 19.0;
				ENABLE_TESTABILITY = YES;
				FRAMEWORK_SEARCH_PATHS = (
					"$(inherited)",
					"$(PLATFORM_DIR)/Developer/Library/Frameworks",
				);
				HEADER_SEARCH_PATHS = "$(inherited)";
				INFOPLIST_FILE = "sal-scripts.xcodeproj/ArgumentParserToolInfo_Info.plist";
				IPHONEOS_DEPLOYMENT_TARGET = 9.0;
				LD_RUNPATH_SEARCH_PATHS = (
					"$(inherited)",
					"$(TOOLCHAIN_DIR)/usr/lib/swift/macosx",
				);
				MACOSX_DEPLOYMENT_TARGET = 12.0;
				OTHER_CFLAGS = "$(inherited)";
				OTHER_LDFLAGS = "$(inherited)";
				OTHER_SWIFT_FLAGS = "$(inherited)";
				PRODUCT_BUNDLE_IDENTIFIER = ArgumentParserToolInfo;
				PRODUCT_MODULE_NAME = "$(TARGET_NAME:c99extidentifier)";
				PRODUCT_NAME = "$(TARGET_NAME:c99extidentifier)";
				SKIP_INSTALL = YES;
				SWIFT_ACTIVE_COMPILATION_CONDITIONS = "$(inherited)";
				SWIFT_VERSION = 5.0;
				TARGET_NAME = ArgumentParserToolInfo;
				TVOS_DEPLOYMENT_TARGET = 9.0;
				WATCHOS_DEPLOYMENT_TARGET = 2.0;
			};
			name = Debug;
		};
		OBJ_131 /* Release */ = {
			isa = XCBuildConfiguration;
			buildSettings = {
				CURRENT_PROJECT_VERSION = 1;
				DRIVERKIT_DEPLOYMENT_TARGET = 19.0;
				ENABLE_TESTABILITY = YES;
				FRAMEWORK_SEARCH_PATHS = (
					"$(inherited)",
					"$(PLATFORM_DIR)/Developer/Library/Frameworks",
				);
				HEADER_SEARCH_PATHS = "$(inherited)";
				INFOPLIST_FILE = "sal-scripts.xcodeproj/ArgumentParserToolInfo_Info.plist";
				IPHONEOS_DEPLOYMENT_TARGET = 9.0;
				LD_RUNPATH_SEARCH_PATHS = (
					"$(inherited)",
					"$(TOOLCHAIN_DIR)/usr/lib/swift/macosx",
				);
				MACOSX_DEPLOYMENT_TARGET = 12.0;
				OTHER_CFLAGS = "$(inherited)";
				OTHER_LDFLAGS = "$(inherited)";
				OTHER_SWIFT_FLAGS = "$(inherited)";
				PRODUCT_BUNDLE_IDENTIFIER = ArgumentParserToolInfo;
				PRODUCT_MODULE_NAME = "$(TARGET_NAME:c99extidentifier)";
				PRODUCT_NAME = "$(TARGET_NAME:c99extidentifier)";
				SKIP_INSTALL = YES;
				SWIFT_ACTIVE_COMPILATION_CONDITIONS = "$(inherited)";
				SWIFT_VERSION = 5.0;
				TARGET_NAME = ArgumentParserToolInfo;
				TVOS_DEPLOYMENT_TARGET = 9.0;
				WATCHOS_DEPLOYMENT_TARGET = 2.0;
			};
			name = Release;
		};
		OBJ_137 /* Debug */ = {
			isa = XCBuildConfiguration;
			buildSettings = {
				CURRENT_PROJECT_VERSION = 1;
				DRIVERKIT_DEPLOYMENT_TARGET = 19.0;
				FRAMEWORK_SEARCH_PATHS = (
					"$(inherited)",
					"$(PLATFORM_DIR)/Developer/Library/Frameworks",
				);
				HEADER_SEARCH_PATHS = "$(inherited)";
				INFOPLIST_FILE = "sal-scripts.xcodeproj/sal_scripts_Info.plist";
				IPHONEOS_DEPLOYMENT_TARGET = 9.0;
				LD_RUNPATH_SEARCH_PATHS = (
					"$(inherited)",
					"$(TOOLCHAIN_DIR)/usr/lib/swift/macosx",
					"@executable_path",
				);
				MACOSX_DEPLOYMENT_TARGET = 12.0;
				OTHER_CFLAGS = "$(inherited)";
				OTHER_LDFLAGS = "$(inherited)";
				OTHER_SWIFT_FLAGS = "$(inherited)";
				PRODUCT_NAME = "sal-scripts";
				SWIFT_ACTIVE_COMPILATION_CONDITIONS = "$(inherited)";
				SWIFT_FORCE_DYNAMIC_LINK_STDLIB = YES;
				SWIFT_FORCE_STATIC_LINK_STDLIB = NO;
				SWIFT_VERSION = 5.0;
				TARGET_NAME = "sal-scripts";
				TVOS_DEPLOYMENT_TARGET = 9.0;
				WATCHOS_DEPLOYMENT_TARGET = 2.0;
			};
			name = Debug;
		};
		OBJ_138 /* Release */ = {
			isa = XCBuildConfiguration;
			buildSettings = {
				CURRENT_PROJECT_VERSION = 1;
				DRIVERKIT_DEPLOYMENT_TARGET = 19.0;
				FRAMEWORK_SEARCH_PATHS = (
					"$(inherited)",
					"$(PLATFORM_DIR)/Developer/Library/Frameworks",
				);
				HEADER_SEARCH_PATHS = "$(inherited)";
				INFOPLIST_FILE = "sal-scripts.xcodeproj/sal_scripts_Info.plist";
				IPHONEOS_DEPLOYMENT_TARGET = 9.0;
				LD_RUNPATH_SEARCH_PATHS = (
					"$(inherited)",
					"$(TOOLCHAIN_DIR)/usr/lib/swift/macosx",
					"@executable_path",
				);
				MACOSX_DEPLOYMENT_TARGET = 12.0;
				OTHER_CFLAGS = "$(inherited)";
				OTHER_LDFLAGS = "$(inherited)";
				OTHER_SWIFT_FLAGS = "$(inherited)";
				PRODUCT_NAME = "munki-scripts";
				SWIFT_ACTIVE_COMPILATION_CONDITIONS = "$(inherited)";
				SWIFT_FORCE_DYNAMIC_LINK_STDLIB = YES;
				SWIFT_FORCE_STATIC_LINK_STDLIB = NO;
				SWIFT_VERSION = 5.0;
				TARGET_NAME = "sal-scripts";
				TVOS_DEPLOYMENT_TARGET = 9.0;
				WATCHOS_DEPLOYMENT_TARGET = 2.0;
			};
			name = Release;
		};
		OBJ_160 /* Debug */ = {
			isa = XCBuildConfiguration;
			buildSettings = {
				LD = /usr/bin/true;
				OTHER_SWIFT_FLAGS = "-swift-version 5 -I $(TOOLCHAIN_DIR)/usr/lib/swift/pm/ManifestAPI -sdk /Applications/Xcode.app/Contents/Developer/Platforms/MacOSX.platform/Developer/SDKs/MacOSX12.1.sdk -package-description-version 5.5.0";
				PRODUCT_NAME = "sal-scriptsPackageDescription";
				SWIFT_VERSION = 5.0;
			};
			name = Debug;
		};
		OBJ_161 /* Release */ = {
			isa = XCBuildConfiguration;
			buildSettings = {
				LD = /usr/bin/true;
				OTHER_SWIFT_FLAGS = "-swift-version 5 -I $(TOOLCHAIN_DIR)/usr/lib/swift/pm/ManifestAPI -sdk /Applications/Xcode.app/Contents/Developer/Platforms/MacOSX.platform/Developer/SDKs/MacOSX12.1.sdk -package-description-version 5.5.0";
				PRODUCT_NAME = "sal-scriptsPackageDescription";
				SWIFT_VERSION = 5.0;
			};
			name = Release;
		};
		OBJ_166 /* Debug */ = {
			isa = XCBuildConfiguration;
			buildSettings = {
				PRODUCT_NAME = "sal-scriptsPackageTests";
			};
			name = Debug;
		};
		OBJ_167 /* Release */ = {
			isa = XCBuildConfiguration;
			buildSettings = {
				PRODUCT_NAME = "sal-scriptsPackageTests";
			};
			name = Release;
		};
		OBJ_171 /* Debug */ = {
			isa = XCBuildConfiguration;
			buildSettings = {
				CLANG_ENABLE_MODULES = YES;
				CURRENT_PROJECT_VERSION = 1;
				DRIVERKIT_DEPLOYMENT_TARGET = 19.0;
				EMBEDDED_CONTENT_CONTAINS_SWIFT = YES;
				FRAMEWORK_SEARCH_PATHS = (
					"$(inherited)",
					"$(PLATFORM_DIR)/Developer/Library/Frameworks",
				);
				HEADER_SEARCH_PATHS = "$(inherited)";
				INFOPLIST_FILE = "sal-scripts.xcodeproj/sal_scriptsTests_Info.plist";
				IPHONEOS_DEPLOYMENT_TARGET = 14.0;
				LD_RUNPATH_SEARCH_PATHS = (
					"$(inherited)",
					"@loader_path/../Frameworks",
					"@loader_path/Frameworks",
				);
				MACOSX_DEPLOYMENT_TARGET = 11.0;
				OTHER_CFLAGS = "$(inherited)";
				OTHER_LDFLAGS = "$(inherited)";
				OTHER_SWIFT_FLAGS = "$(inherited)";
				PRODUCT_NAME = "sal-scriptsTests";
				SWIFT_ACTIVE_COMPILATION_CONDITIONS = "$(inherited)";
				SWIFT_VERSION = 5.0;
				TARGET_NAME = "sal-scriptsTests";
				TVOS_DEPLOYMENT_TARGET = 14.0;
				WATCHOS_DEPLOYMENT_TARGET = 7.0;
			};
			name = Debug;
		};
		OBJ_172 /* Release */ = {
			isa = XCBuildConfiguration;
			buildSettings = {
				CLANG_ENABLE_MODULES = YES;
				CURRENT_PROJECT_VERSION = 1;
				DRIVERKIT_DEPLOYMENT_TARGET = 19.0;
				EMBEDDED_CONTENT_CONTAINS_SWIFT = YES;
				FRAMEWORK_SEARCH_PATHS = (
					"$(inherited)",
					"$(PLATFORM_DIR)/Developer/Library/Frameworks",
				);
				HEADER_SEARCH_PATHS = "$(inherited)";
				INFOPLIST_FILE = "sal-scripts.xcodeproj/sal_scriptsTests_Info.plist";
				IPHONEOS_DEPLOYMENT_TARGET = 14.0;
				LD_RUNPATH_SEARCH_PATHS = (
					"$(inherited)",
					"@loader_path/../Frameworks",
					"@loader_path/Frameworks",
				);
				MACOSX_DEPLOYMENT_TARGET = 11.0;
				OTHER_CFLAGS = "$(inherited)";
				OTHER_LDFLAGS = "$(inherited)";
				OTHER_SWIFT_FLAGS = "$(inherited)";
				PRODUCT_NAME = "munki-scriptsTests";
				SWIFT_ACTIVE_COMPILATION_CONDITIONS = "$(inherited)";
				SWIFT_VERSION = 5.0;
				TARGET_NAME = "sal-scriptsTests";
				TVOS_DEPLOYMENT_TARGET = 14.0;
				WATCHOS_DEPLOYMENT_TARGET = 7.0;
			};
			name = Release;
		};
		OBJ_183 /* Debug */ = {
			isa = XCBuildConfiguration;
			buildSettings = {
				LD = /usr/bin/true;
				OTHER_SWIFT_FLAGS = "-swift-version 5 -I $(TOOLCHAIN_DIR)/usr/lib/swift/pm/ManifestAPI -sdk /Applications/Xcode.app/Contents/Developer/Platforms/MacOSX.platform/Developer/SDKs/MacOSX12.1.sdk -package-description-version 5.5.0";
				SWIFT_VERSION = 5.0;
			};
			name = Debug;
		};
		OBJ_184 /* Release */ = {
			isa = XCBuildConfiguration;
			buildSettings = {
				LD = /usr/bin/true;
				OTHER_SWIFT_FLAGS = "-swift-version 5 -I $(TOOLCHAIN_DIR)/usr/lib/swift/pm/ManifestAPI -sdk /Applications/Xcode.app/Contents/Developer/Platforms/MacOSX.platform/Developer/SDKs/MacOSX12.1.sdk -package-description-version 5.5.0";
				SWIFT_VERSION = 5.0;
			};
			name = Release;
		};
		OBJ_3 /* Debug */ = {
			isa = XCBuildConfiguration;
			buildSettings = {
				CLANG_ENABLE_OBJC_ARC = YES;
				COMBINE_HIDPI_IMAGES = YES;
				COPY_PHASE_STRIP = NO;
				DEBUG_INFORMATION_FORMAT = dwarf;
				DYLIB_INSTALL_NAME_BASE = "@rpath";
				ENABLE_NS_ASSERTIONS = YES;
				GCC_OPTIMIZATION_LEVEL = 0;
				GCC_PREPROCESSOR_DEFINITIONS = (
					"$(inherited)",
					"SWIFT_PACKAGE=1",
					"DEBUG=1",
				);
				MACOSX_DEPLOYMENT_TARGET = 12.0;
				ONLY_ACTIVE_ARCH = YES;
				OTHER_SWIFT_FLAGS = "$(inherited) -DXcode";
				PRODUCT_NAME = "$(TARGET_NAME)";
				SDKROOT = macosx;
				SUPPORTED_PLATFORMS = "$(AVAILABLE_PLATFORMS)";
				SUPPORTS_MACCATALYST = YES;
				SWIFT_ACTIVE_COMPILATION_CONDITIONS = "$(inherited) SWIFT_PACKAGE DEBUG";
				SWIFT_OPTIMIZATION_LEVEL = "-Onone";
				USE_HEADERMAP = NO;
			};
			name = Debug;
		};
		OBJ_4 /* Release */ = {
			isa = XCBuildConfiguration;
			buildSettings = {
				CLANG_ENABLE_OBJC_ARC = YES;
				COMBINE_HIDPI_IMAGES = YES;
				COPY_PHASE_STRIP = YES;
				DEBUG_INFORMATION_FORMAT = "dwarf-with-dsym";
				DYLIB_INSTALL_NAME_BASE = "@rpath";
				GCC_OPTIMIZATION_LEVEL = s;
				GCC_PREPROCESSOR_DEFINITIONS = (
					"$(inherited)",
					"SWIFT_PACKAGE=1",
				);
				MACOSX_DEPLOYMENT_TARGET = 12.0;
				OTHER_SWIFT_FLAGS = "$(inherited) -DXcode";
				PRODUCT_NAME = "$(TARGET_NAME)";
				SDKROOT = macosx;
				SUPPORTED_PLATFORMS = "$(AVAILABLE_PLATFORMS)";
				SUPPORTS_MACCATALYST = YES;
				SWIFT_ACTIVE_COMPILATION_CONDITIONS = "$(inherited) SWIFT_PACKAGE";
				SWIFT_COMPILATION_MODE = wholemodule;
				SWIFT_OPTIMIZATION_LEVEL = "-O";
				USE_HEADERMAP = NO;
			};
			name = Release;
		};
		OBJ_85 /* Debug */ = {
			isa = XCBuildConfiguration;
			buildSettings = {
				CODE_SIGN_IDENTITY = "Apple Development";
				CODE_SIGN_STYLE = Manual;
				CURRENT_PROJECT_VERSION = 1;
				DEVELOPMENT_TEAM = "";
				DRIVERKIT_DEPLOYMENT_TARGET = 19.0;
				ENABLE_TESTABILITY = YES;
				FRAMEWORK_SEARCH_PATHS = (
					"$(inherited)",
					"$(PLATFORM_DIR)/Developer/Library/Frameworks",
				);
				HEADER_SEARCH_PATHS = "$(inherited)";
				INFOPLIST_FILE = "sal-scripts.xcodeproj/ArgumentParser_Info.plist";
				IPHONEOS_DEPLOYMENT_TARGET = 9.0;
				LD_RUNPATH_SEARCH_PATHS = (
					"$(inherited)",
					"$(TOOLCHAIN_DIR)/usr/lib/swift/macosx",
				);
				MACOSX_DEPLOYMENT_TARGET = 12.0;
				MARKETING_VERSION = 1.0.0;
				OTHER_CFLAGS = "$(inherited)";
				OTHER_LDFLAGS = "$(inherited)";
				OTHER_SWIFT_FLAGS = "$(inherited)";
				PRODUCT_BUNDLE_IDENTIFIER = ArguementParser;
				PRODUCT_MODULE_NAME = "$(TARGET_NAME:c99extidentifier)";
				PRODUCT_NAME = "$(TARGET_NAME:c99extidentifier)";
				PROVISIONING_PROFILE_SPECIFIER = "";
				"PROVISIONING_PROFILE_SPECIFIER[sdk=macosx*]" = "";
				SKIP_INSTALL = YES;
				SWIFT_ACTIVE_COMPILATION_CONDITIONS = "$(inherited)";
				SWIFT_VERSION = 5.0;
				TARGET_NAME = ArgumentParser;
				TVOS_DEPLOYMENT_TARGET = 9.0;
				WATCHOS_DEPLOYMENT_TARGET = 2.0;
			};
			name = Debug;
		};
		OBJ_86 /* Release */ = {
			isa = XCBuildConfiguration;
			buildSettings = {
				CURRENT_PROJECT_VERSION = 1;
				DRIVERKIT_DEPLOYMENT_TARGET = 19.0;
				ENABLE_TESTABILITY = YES;
				FRAMEWORK_SEARCH_PATHS = (
					"$(inherited)",
					"$(PLATFORM_DIR)/Developer/Library/Frameworks",
				);
				HEADER_SEARCH_PATHS = "$(inherited)";
				INFOPLIST_FILE = "sal-scripts.xcodeproj/ArgumentParser_Info.plist";
				IPHONEOS_DEPLOYMENT_TARGET = 9.0;
				LD_RUNPATH_SEARCH_PATHS = (
					"$(inherited)",
					"$(TOOLCHAIN_DIR)/usr/lib/swift/macosx",
				);
				MACOSX_DEPLOYMENT_TARGET = 12.0;
				MARKETING_VERSION = 1.0.0;
				OTHER_CFLAGS = "$(inherited)";
				OTHER_LDFLAGS = "$(inherited)";
				OTHER_SWIFT_FLAGS = "$(inherited)";
				PRODUCT_BUNDLE_IDENTIFIER = ArguementParser;
				PRODUCT_MODULE_NAME = "$(TARGET_NAME:c99extidentifier)";
				PRODUCT_NAME = "$(TARGET_NAME:c99extidentifier)";
				SKIP_INSTALL = YES;
				SWIFT_ACTIVE_COMPILATION_CONDITIONS = "$(inherited)";
				SWIFT_VERSION = 5.0;
				TARGET_NAME = ArgumentParser;
				TVOS_DEPLOYMENT_TARGET = 9.0;
				WATCHOS_DEPLOYMENT_TARGET = 2.0;
			};
			name = Release;
		};
/* End XCBuildConfiguration section */

/* Begin XCConfigurationList section */
		OBJ_129 /* Build configuration list for PBXNativeTarget "ArgumentParserToolInfo" */ = {
			isa = XCConfigurationList;
			buildConfigurations = (
				OBJ_130 /* Debug */,
				OBJ_131 /* Release */,
			);
			defaultConfigurationIsVisible = 0;
			defaultConfigurationName = Release;
		};
		OBJ_136 /* Build configuration list for PBXNativeTarget "sal-scripts" */ = {
			isa = XCConfigurationList;
			buildConfigurations = (
				OBJ_137 /* Debug */,
				OBJ_138 /* Release */,
			);
			defaultConfigurationIsVisible = 0;
			defaultConfigurationName = Release;
		};
		OBJ_159 /* Build configuration list for PBXNativeTarget "sal-scriptsPackageDescription" */ = {
			isa = XCConfigurationList;
			buildConfigurations = (
				OBJ_160 /* Debug */,
				OBJ_161 /* Release */,
			);
			defaultConfigurationIsVisible = 0;
			defaultConfigurationName = Release;
		};
		OBJ_165 /* Build configuration list for PBXAggregateTarget "sal-scriptsPackageTests" */ = {
			isa = XCConfigurationList;
			buildConfigurations = (
				OBJ_166 /* Debug */,
				OBJ_167 /* Release */,
			);
			defaultConfigurationIsVisible = 0;
			defaultConfigurationName = Release;
		};
		OBJ_170 /* Build configuration list for PBXNativeTarget "sal-scriptsTests" */ = {
			isa = XCConfigurationList;
			buildConfigurations = (
				OBJ_171 /* Debug */,
				OBJ_172 /* Release */,
			);
			defaultConfigurationIsVisible = 0;
			defaultConfigurationName = Release;
		};
		OBJ_182 /* Build configuration list for PBXNativeTarget "swift-argument-parserPackageDescription" */ = {
			isa = XCConfigurationList;
			buildConfigurations = (
				OBJ_183 /* Debug */,
				OBJ_184 /* Release */,
			);
			defaultConfigurationIsVisible = 0;
			defaultConfigurationName = Release;
		};
		OBJ_2 /* Build configuration list for PBXProject "sal-scripts" */ = {
			isa = XCConfigurationList;
			buildConfigurations = (
				OBJ_3 /* Debug */,
				OBJ_4 /* Release */,
			);
			defaultConfigurationIsVisible = 0;
			defaultConfigurationName = Release;
		};
		OBJ_84 /* Build configuration list for PBXNativeTarget "ArgumentParser" */ = {
			isa = XCConfigurationList;
			buildConfigurations = (
				OBJ_85 /* Debug */,
				OBJ_86 /* Release */,
			);
			defaultConfigurationIsVisible = 0;
			defaultConfigurationName = Release;
		};
/* End XCConfigurationList section */
	};
	rootObject = OBJ_1 /* Project object */;
}
