{
  "object": {
    "pins": [
      {
        "package": "BitByteData",
        "repositoryURL": "https://github.com/tsolomko/BitByteData",
        "state": {
          "branch": null,
          "revision": "c119e12decae8f56066df3345a4ac1a05b2f06d5",
          "version": "2.0.1"
        }
      },
      {
        "package": "SWCompression",
        "repositoryURL": "https://github.com/tsolomko/SWCompression.git",
        "state": {
          "branch": null,
          "revision": "4ad6940f2990f2d9f27b39d013c7a64b602d9c50",
          "version": "4.8.0"
        }
      }
    ]
  },
  "version": 1
}
